
Microsoft Visual Studio Solution File, Format Version 12.00
# Visual Studio Version 17
VisualStudioVersion = 17.14.36301.6 d17.14
MinimumVisualStudioVersion = 15.0.26124.0
Project("{FAE04EC0-301F-11D3-BF4B-00C04F79EFBC}") = "VehicleMenu.Client", "Client\VehicleMenu.Client.csproj", "{97FBD1B9-1696-38E3-D61C-CDCEAC5997F2}"
EndProject
Project("{FAE04EC0-301F-11D3-BF4B-00C04F79EFBC}") = "VehicleMenu.Server", "Server\VehicleMenu.Server.csproj", "{C585F518-BF77-C194-FC3D-5E3C48EB06EF}"
EndProject
Global
	GlobalSection(SolutionConfigurationPlatforms) = preSolution
		Debug|Any CPU = Debug|Any CPU
		Release|Any CPU = Release|Any CPU
	EndGlobalSection
	GlobalSection(ProjectConfigurationPlatforms) = postSolution
		{97FBD1B9-1696-38E3-D61C-CDCEAC5997F2}.Debug|Any CPU.ActiveCfg = Debug|Any CPU
		{97FBD1B9-1696-38E3-D61C-CDCEAC5997F2}.Debug|Any CPU.Build.0 = Debug|Any CPU
		{97FBD1B9-1696-38E3-D61C-CDCEAC5997F2}.Release|Any CPU.ActiveCfg = Release|Any CPU
		{97FBD1B9-1696-38E3-D61C-CDCEAC5997F2}.Release|Any CPU.Build.0 = Release|Any CPU
		{C585F518-BF77-C194-FC3D-5E3C48EB06EF}.Debug|Any CPU.ActiveCfg = Debug|Any CPU
		{C585F518-BF77-C194-FC3D-5E3C48EB06EF}.Debug|Any CPU.Build.0 = Debug|Any CPU
		{C585F518-BF77-C194-FC3D-5E3C48EB06EF}.Release|Any CPU.ActiveCfg = Release|Any CPU
		{C585F518-BF77-C194-FC3D-5E3C48EB06EF}.Release|Any CPU.Build.0 = Release|Any CPU
	EndGlobalSection
	GlobalSection(SolutionProperties) = preSolution
		HideSolutionNode = FALSE
	EndGlobalSection
	GlobalSection(ExtensibilityGlobals) = postSolution
		SolutionGuid = {10BCDA15-C1BF-44B7-81BC-CF29C689CE41}
	EndGlobalSection
EndGlobal
